<?xml version="1.0" encoding="UTF-8"?>
<CONFIG>
  <ProjectOptions>
    <Version Value="9"/>
    <PathDelim Value="\"/>
    <General>
      <Flags>
        <MainUnitHasUsesSectionForAllUnits Value="False"/>
        <MainUnitHasCreateFormStatements Value="False"/>
        <MainUnitHasTitleStatement Value="False"/>
      </Flags>
      <MainUnit Value="0"/>
      <Title Value="Searcher"/>
      <ResourceType Value="res"/>
      <UseXPManifest Value="True"/>
      <Icon Value="0"/>
    </General>
    <i18n>
      <EnableI18N LFM="False"/>
    </i18n>
    <VersionInfo>
      <UseVersionInfo Value="True"/>
      <MajorVersionNr Value="1"/>
      <StringTable CompanyName="CSIRO" ProductVersion=""/>
    </VersionInfo>
    <BuildModes Count="1" Active="Default">
      <Item1 Name="Default" Default="True"/>
    </BuildModes>
    <PublishOptions>
      <Version Value="2"/>
      <IncludeFileFilter Value="*.(pas|pp|inc|lfm|lpr|lrs|lpi|lpk|sh|xml)"/>
      <ExcludeFileFilter Value="*.(bak|ppu|o|so);*~;backup"/>
    </PublishOptions>
    <RunParams>
      <local>
        <FormatVersion Value="1"/>
      </local>
    </RunParams>
    <RequiredPackages Count="1">
      <Item1>
        <PackageName Value="LCL"/>
      </Item1>
    </RequiredPackages>
    <Units Count="3">
      <Unit0>
        <Filename Value="serform.lpr"/>
        <IsPartOfProject Value="True"/>
        <CursorPos X="22" Y="20"/>
        <UsageCount Value="22"/>
        <Loaded Value="True"/>
        <DefaultSyntaxHighlighter Value="Delphi"/>
      </Unit0>
      <Unit1>
        <Filename Value="main.pas"/>
        <IsPartOfProject Value="True"/>
        <ComponentName Value="Form1"/>
        <HasResources Value="True"/>
        <ResourceBaseClass Value="Form"/>
        <IsVisibleTab Value="True"/>
        <EditorIndex Value="1"/>
        <CursorPos X="48" Y="10"/>
        <UsageCount Value="22"/>
        <Loaded Value="True"/>
        <LoadedDesigner Value="True"/>
        <DefaultSyntaxHighlighter Value="Delphi"/>
      </Unit1>
      <Unit2>
        <Filename Value="..\comp\RealEdit.pas"/>
        <EditorIndex Value="-1"/>
        <TopLine Value="25"/>
        <CursorPos X="32" Y="36"/>
        <UsageCount Value="10"/>
        <DefaultSyntaxHighlighter Value="Delphi"/>
      </Unit2>
    </Units>
    <JumpHistory Count="21" HistoryIndex="20">
      <Position1>
        <Filename Value="main.pas"/>
        <Caret Line="746" Column="4" TopLine="726"/>
      </Position1>
      <Position2>
        <Filename Value="main.pas"/>
        <Caret Line="456" Column="19" TopLine="438"/>
      </Position2>
      <Position3>
        <Filename Value="main.pas"/>
      </Position3>
      <Position4>
        <Filename Value="main.pas"/>
        <Caret Line="925" Column="5" TopLine="734"/>
      </Position4>
      <Position5>
        <Filename Value="main.pas"/>
        <Caret Line="456" Column="21" TopLine="438"/>
      </Position5>
      <Position6>
        <Filename Value="main.pas"/>
        <Caret Line="14" Column="9"/>
      </Position6>
      <Position7>
        <Filename Value="main.pas"/>
        <Caret Line="459" Column="21" TopLine="441"/>
      </Position7>
      <Position8>
        <Filename Value="main.pas"/>
        <Caret Line="460" Column="21" TopLine="433"/>
      </Position8>
      <Position9>
        <Filename Value="main.pas"/>
        <Caret Line="113" Column="17" TopLine="95"/>
      </Position9>
      <Position10>
        <Filename Value="main.pas"/>
        <Caret Line="472" Column="25" TopLine="454"/>
      </Position10>
      <Position11>
        <Filename Value="main.pas"/>
        <Caret Line="123" Column="14" TopLine="97"/>
      </Position11>
      <Position12>
        <Filename Value="main.pas"/>
        <Caret Line="481" Column="25" TopLine="463"/>
      </Position12>
      <Position13>
        <Filename Value="main.pas"/>
        <Caret Line="927" Column="42" TopLine="897"/>
      </Position13>
      <Position14>
        <Filename Value="main.pas"/>
        <Caret Line="8" Column="8"/>
      </Position14>
      <Position15>
        <Filename Value="main.pas"/>
        <Caret Line="12" Column="8"/>
      </Position15>
      <Position16>
        <Filename Value="main.pas"/>
        <Caret Line="947" TopLine="914"/>
      </Position16>
      <Position17>
        <Filename Value="main.pas"/>
        <Caret Line="12" Column="8"/>
      </Position17>
      <Position18>
        <Filename Value="main.pas"/>
        <Caret Line="897" Column="50" TopLine="880"/>
      </Position18>
      <Position19>
        <Filename Value="main.pas"/>
        <Caret Line="909" Column="50" TopLine="892"/>
      </Position19>
      <Position20>
        <Filename Value="main.pas"/>
        <Caret Line="530" Column="20" TopLine="510"/>
      </Position20>
      <Position21>
        <Filename Value="main.pas"/>
        <Caret Line="13" Column="17"/>
      </Position21>
    </JumpHistory>
  </ProjectOptions>
  <CompilerOptions>
    <Version Value="11"/>
    <PathDelim Value="\"/>
    <Target>
      <Filename Value=".\bin\$(TargetCPU)-$(TargetOS)\searcher"/>
    </Target>
    <SearchPaths>
      <IncludeFiles Value="$(ProjOutDir)"/>
      <UnitOutputDirectory Value="units\$(TargetCPU)-$(TargetOS)"/>
    </SearchPaths>
    <Parsing>
      <SyntaxOptions>
        <SyntaxMode Value="Delphi"/>
      </SyntaxOptions>
    </Parsing>
    <CodeGeneration>
      <SmartLinkUnit Value="True"/>
      <Checks>
        <StackChecks Value="True"/>
      </Checks>
      <Optimizations>
        <OptimizationLevel Value="2"/>
      </Optimizations>
    </CodeGeneration>
    <Linking>
      <Debugging>
        <UseLineInfoUnit Value="False"/>
      </Debugging>
      <LinkSmart Value="True"/>
      <Options>
        <Win32>
          <GraphicApplication Value="True"/>
        </Win32>
      </Options>
    </Linking>
    <Other>
      <ExecuteAfter>
        <Command Value="$Path($(CompPath))\strip.exe $(TargetFile)"/>
        <CompileReasons Compile="False" Run="False"/>
      </ExecuteAfter>
    </Other>
  </CompilerOptions>
  <Debugging>
    <Exceptions Count="3">
      <Item1>
        <Name Value="EAbort"/>
      </Item1>
      <Item2>
        <Name Value="ECodetoolError"/>
      </Item2>
      <Item3>
        <Name Value="EFOpenError"/>
      </Item3>
    </Exceptions>
  </Debugging>
</CONFIG>
